
Microsoft Visual Studio Solution File, Format Version 12.00
# Visual Studio Version 17
VisualStudioVersion = 17.14.36310.24 d17.14
MinimumVisualStudioVersion = 10.0.40219.1
Project("{FAE04EC0-301F-11D3-BF4B-00C04F79EFBC}") = "EasyWinFormLibrary", "EasyWinFormLibrary.csproj", "{9285DBE6-C9A8-4FC0-9947-8BCD25BA79D4}"
EndProject
Project("{FAE04EC0-301F-11D3-BF4B-00C04F79EFBC}") = "EasyWinFormLibraryTest", "..\EasyWinFormLibraryTest\EasyWinFormLibraryTest.csproj", "{CC1F37F5-4000-426B-8B2F-FAEF3241031A}"
EndProject
Project("{FAE04EC0-301F-11D3-BF4B-00C04F79EFBC}") = "EasyWinFormUI", "..\EasyWinFormUI\EasyWinFormUI.csproj", "{99B89CD7-EEE8-4E90-A017-CFF9E4AF8122}"
EndProject
Global
	GlobalSection(SolutionConfigurationPlatforms) = preSolution
		Debug|Any CPU = Debug|Any CPU
		Release|Any CPU = Release|Any CPU
	EndGlobalSection
	GlobalSection(ProjectConfigurationPlatforms) = postSolution
		{9285DBE6-C9A8-4FC0-9947-8BCD25BA79D4}.Debug|Any CPU.ActiveCfg = Debug|Any CPU
		{9285DBE6-C9A8-4FC0-9947-8BCD25BA79D4}.Debug|Any CPU.Build.0 = Debug|Any CPU
		{9285DBE6-C9A8-4FC0-9947-8BCD25BA79D4}.Release|Any CPU.ActiveCfg = Release|Any CPU
		{9285DBE6-C9A8-4FC0-9947-8BCD25BA79D4}.Release|Any CPU.Build.0 = Release|Any CPU
		{CC1F37F5-4000-426B-8B2F-FAEF3241031A}.Debug|Any CPU.ActiveCfg = Debug|Any CPU
		{CC1F37F5-4000-426B-8B2F-FAEF3241031A}.Debug|Any CPU.Build.0 = Debug|Any CPU
		{CC1F37F5-4000-426B-8B2F-FAEF3241031A}.Release|Any CPU.ActiveCfg = Release|Any CPU
		{CC1F37F5-4000-426B-8B2F-FAEF3241031A}.Release|Any CPU.Build.0 = Release|Any CPU
		{99B89CD7-EEE8-4E90-A017-CFF9E4AF8122}.Debug|Any CPU.ActiveCfg = Debug|Any CPU
		{99B89CD7-EEE8-4E90-A017-CFF9E4AF8122}.Debug|Any CPU.Build.0 = Debug|Any CPU
		{99B89CD7-EEE8-4E90-A017-CFF9E4AF8122}.Release|Any CPU.ActiveCfg = Release|Any CPU
		{99B89CD7-EEE8-4E90-A017-CFF9E4AF8122}.Release|Any CPU.Build.0 = Release|Any CPU
	EndGlobalSection
	GlobalSection(SolutionProperties) = preSolution
		HideSolutionNode = FALSE
	EndGlobalSection
	GlobalSection(ExtensibilityGlobals) = postSolution
		SolutionGuid = {19CBB78F-30FE-4CD8-B69F-8CE6E0DD76E9}
	EndGlobalSection
EndGlobal
